Microsoft Visual Studio Solution File, Format Version 12.00
# Visual Studio 2012
Project("{FAE04EC0-301F-11D3-BF4B-00C04F79EFBC}") = "PONGE", "PONGE.csproj", "{CC4A3610-1B67-4DEA-823F-4C9D69EA584A}"
EndProject
Global
	GlobalSection(SolutionConfigurationPlatforms) = preSolution
	Debug|Any CPU = Debug|Any CPU
	ExportDebug|Any CPU = ExportDebug|Any CPU
	ExportRelease|Any CPU = ExportRelease|Any CPU
	EndGlobalSection
	GlobalSection(ProjectConfigurationPlatforms) = postSolution
		{CC4A3610-1B67-4DEA-823F-4C9D69EA584A}.Debug|Any CPU.ActiveCfg = Debug|Any CPU
		{CC4A3610-1B67-4DEA-823F-4C9D69EA584A}.Debug|Any CPU.Build.0 = Debug|Any CPU
		{CC4A3610-1B67-4DEA-823F-4C9D69EA584A}.ExportDebug|Any CPU.ActiveCfg = ExportDebug|Any CPU
		{CC4A3610-1B67-4DEA-823F-4C9D69EA584A}.ExportDebug|Any CPU.Build.0 = ExportDebug|Any CPU
		{CC4A3610-1B67-4DEA-823F-4C9D69EA584A}.ExportRelease|Any CPU.ActiveCfg = ExportRelease|Any CPU
		{CC4A3610-1B67-4DEA-823F-4C9D69EA584A}.ExportRelease|Any CPU.Build.0 = ExportRelease|Any CPU
	EndGlobalSection
EndGlobal
